# This file is autogenerated, do not edit; changes may be undone by the next 'dep ensure'.


[[projects]]
  digest = "1:dd9175f792583b507132e8f2ae20b2bd3417c2706590d67e551bdedbf7758d79"
  name = "github.com/magefile/mage"
  packages = [
    "build-1.10",
    "build-1.11",
    "mage",
    "mg",
    "parse",
    "parse/srcimporter",
    "sh",
    "types",
  ]
  pruneopts = "UT"
  revision = "bd5486e7f905b69c168b13088e12fa84d779799e"
  version = "1.3.0"

[[projects]]
  branch = "master"
  digest = "1:ec6d80e0622e6d95e40b76936f13d28dd5d88635968a7cc87bf4c737237e13e9"
  name = "github.com/mattn/go-pipeline"
  packages = ["."]
  pruneopts = "UT"
  revision = "cfb87a531e2beb376fe3ce94a6dfef7956d33bc7"

[[projects]]
  branch = "master"
  digest = "1:36aebe90a13cf9128280ac834399b8bebf83685283c78df279d61c46bb2a8d83"
  name = "github.com/mattn/go-zglob"
  packages = [
    ".",
    "fastwalk",
  ]
  pruneopts = "UT"
  revision = "2ea3427bfa539cca900ca2768d8663ecc8a708c1"

[[projects]]
  digest = "1:40e195917a951a8bf867cd05de2a46aaf1806c50cf92eebf4c16f78cd196f747"
  name = "github.com/pkg/errors"
  packages = ["."]
  pruneopts = "UT"
  revision = "645ef00459ed84a119197bfb8d8205042c6df63d"
  version = "v0.8.0"

[[projects]]
  digest = "1:33092b366cfcc395fae86161d7caa4c7ffef4f93ee43113c1c1e28fc0dc71972"
  name = "github.com/ttacon/chalk"
  packages = ["."]
  pruneopts = "UT"
  revision = "76b3c8b611dea8f83e49e9ce81fc2b189e0ef3d2"
  version = "v0.1"

[[projects]]
  branch = "master"
  digest = "1:a05bd2d296bc727082abcb63ff52615b4dcc6219d8b61e99fd83d605dc779a18"
  name = "golang.org/x/tools"
  packages = [
    "go/ast/astutil",
    "imports",
    "internal/fastwalk",
  ]
  pruneopts = "UT"
  revision = "0aa4b8830f481fed77b73cf7cea2bc3129e05148"

[solve-meta]
  analyzer-name = "dep"
  analyzer-version = 1
  input-imports = [
    "github.com/magefile/mage/mage",
    "github.com/magefile/mage/sh",
    "github.com/mattn/go-pipeline",
    "github.com/mattn/go-zglob",
    "github.com/pkg/errors",
    "github.com/ttacon/chalk",
    "golang.org/x/tools/imports",
  ]
  solver-name = "gps-cdcl"
  solver-version = 1
