# This file is autogenerated, do not edit; changes may be undone by the next 'dep ensure'.


[[projects]]
  name = "github.com/magefile/mage"
  packages = [
    "build",
    "mage",
    "mg",
    "parse",
    "parse/srcimporter",
    "sh",
    "types"
  ]
  revision = "771ebed3d686dce3d36cab4fc9ee55c295ed8905"
  version = "2.1"

[[projects]]
  branch = "master"
  name = "github.com/mattn/go-pipeline"
  packages = ["."]
  revision = "cfb87a531e2beb376fe3ce94a6dfef7956d33bc7"

[[projects]]
  branch = "master"
  name = "github.com/mattn/go-zglob"
  packages = [
    ".",
    "fastwalk"
  ]
  revision = "c436403c742d0b6d8fc37e69eadf33e024fe74fa"

[[projects]]
  name = "github.com/pkg/errors"
  packages = ["."]
  revision = "645ef00459ed84a119197bfb8d8205042c6df63d"
  version = "v0.8.0"

[[projects]]
  name = "github.com/ttacon/chalk"
  packages = ["."]
  revision = "76b3c8b611dea8f83e49e9ce81fc2b189e0ef3d2"
  version = "v0.1"

[[projects]]
  branch = "master"
  name = "golang.org/x/tools"
  packages = [
    "go/ast/astutil",
    "imports",
    "internal/fastwalk"
  ]
  revision = "1c99e1239a0c8b0e59c34000995c4e319b7702ca"

[solve-meta]
  analyzer-name = "dep"
  analyzer-version = 1
  inputs-digest = "f0530dadcad8f7b2949b1dd81c78aef17a1a13e1edb3809b9e3b5c91d1933d92"
  solver-name = "gps-cdcl"
  solver-version = 1
